{
  "name": "@makercam/makercam",
  "version": "0.0.4",
  "lockfileVersion": 1,
  "requires": true,
  "dependencies": {
    "@danmarshall/jscad-typings": {
      "version": "1.0.0",
      "resolved": "https://registry.npmjs.org/@danmarshall/jscad-typings/-/jscad-typings-1.0.0.tgz",
      "integrity": "sha512-MGGIGDItK2UQSsz7yTrXErQXDAFXR3UPxyQ7WZ5RHOwnv60CBXjmkJlXYMYPkSvo+7fUuQL2/ODcvECtc/fi9g=="
    },
    "@makercam/openjscam": {
      "version": "0.0.4",
      "resolved": "https://registry.npmjs.org/@makercam/openjscam/-/openjscam-0.0.4.tgz",
      "integrity": "sha512-tyJWpHAVCRNErmE1B/V+nykKXoyzAwlX+uUT6FAfTbJxSjGz4sD13fCxplgOwp+heuKiRhLeOPzNyLS+vbW1hQ==",
      "requires": {
        "three": "^0.99.0"
      }
    },
    "@types/bezier-js": {
      "version": "0.0.6",
      "resolved": "https://registry.npmjs.org/@types/bezier-js/-/bezier-js-0.0.6.tgz",
      "integrity": "sha1-DZdtaBY8SVUzLveYohoLPWOB0Ss="
    },
    "@types/node": {
      "version": "7.10.2",
      "resolved": "https://registry.npmjs.org/@types/node/-/node-7.10.2.tgz",
      "integrity": "sha512-RO4ig5taKmcrU4Rex8ojG1gpwFkjddzug9iPQSDvbewHN9vDpcFewevkaOK+KT+w1LeZnxbgOyfXwV4pxsQ4GQ=="
    },
    "@types/opentype.js": {
      "version": "0.7.0",
      "resolved": "http://registry.npmjs.org/@types/opentype.js/-/opentype.js-0.7.0.tgz",
      "integrity": "sha512-gJ+qsqjpIdSd6pw0wCIhlwnnj8kku3MwY6dj5zCoq/6eP5Fws1IXuDyi8l95qtHLuTMO3y6jGQJjPelJOG/BQQ=="
    },
    "@types/pdfkit": {
      "version": "0.7.36",
      "resolved": "https://registry.npmjs.org/@types/pdfkit/-/pdfkit-0.7.36.tgz",
      "integrity": "sha512-9eRA6MuW+n78yU3HhoIrDxjyAX2++B5MpLDYqHOnaRTquCw+5sYXT+QN8E1eSaxvNUwlRfU3tOm4UzTeGWmBqg==",
      "requires": {
        "@types/node": "*"
      }
    },
    "@types/three": {
      "version": "0.93.15",
      "resolved": "https://registry.npmjs.org/@types/three/-/three-0.93.15.tgz",
      "integrity": "sha512-AE9kgUDqMrInTfMYzZ8NqgBMzUgHvv+JwUQxCmlWZOfs+TCJDn7CVcvcOyftiUO3MAH1bddwaK0ZvZ/9M1rO5A==",
      "dev": true
    },
    "bezier-js": {
      "version": "2.3.1",
      "resolved": "https://registry.npmjs.org/bezier-js/-/bezier-js-2.3.1.tgz",
      "integrity": "sha512-nFpFL9tuayvlHfWh6xM7OHeTZvwr74+6KnzO3eNZMt0BC0cqb9lCTc9C8OVzrHBvbrNwriTw7XaF2SBsWQJLZA=="
    },
    "clipper-lib": {
      "version": "6.2.1",
      "resolved": "https://registry.npmjs.org/clipper-lib/-/clipper-lib-6.2.1.tgz",
      "integrity": "sha1-Jm2Ox1dcWJ8F8j6c0APeUOIxF7Y="
    },
    "clone": {
      "version": "1.0.4",
      "resolved": "https://registry.npmjs.org/clone/-/clone-1.0.4.tgz",
      "integrity": "sha1-2jCcwmPfFZlMaIypAheco8fNfH4="
    },
    "graham_scan": {
      "version": "1.0.4",
      "resolved": "https://registry.npmjs.org/graham_scan/-/graham_scan-1.0.4.tgz",
      "integrity": "sha1-OZZR3R+DU+GID1nqjl+Uud9Mkoo="
    },
    "js-angusj-clipper": {
      "version": "1.0.0",
      "resolved": "https://registry.npmjs.org/js-angusj-clipper/-/js-angusj-clipper-1.0.0.tgz",
      "integrity": "sha512-yjHfH0GVKY3FdirmWTiXqm3j2nNLM+0OiL6bKDG1DnXsJUPa02WlQyHo2nO37YG5KbZu5XzmikTQ0BNut6S0CA=="
    },
    "kdbush": {
      "version": "2.0.1",
      "resolved": "https://registry.npmjs.org/kdbush/-/kdbush-2.0.1.tgz",
      "integrity": "sha512-9KqSdmWCkBIisFIGclT0FRagKhI7IVbMyUjsxCFG0Ly1Dg6whlxJ7b9lrq8ifk3X/fGeJzok1R75LQfZTfA5zQ=="
    },
    "makerjs": {
      "version": "0.13.1",
      "resolved": "https://registry.npmjs.org/makerjs/-/makerjs-0.13.1.tgz",
      "integrity": "sha512-cOqnq3N7b1+aPAzif2+RIu0MlVBDHXCcTBXwH3pTkCJZPT72QEIauW8wHeXMsoIctUhQXFre5h7z7Yrf4+j/Gw==",
      "requires": {
        "@danmarshall/jscad-typings": "^1.0.0",
        "@types/bezier-js": "^0.0.6",
        "@types/node": "^7.0.5",
        "@types/opentype.js": "^0.7.0",
        "@types/pdfkit": "^0.7.34",
        "bezier-js": "^2.1.0",
        "clone": "^1.0.2",
        "graham_scan": "^1.0.4",
        "kdbush": "^2.0.1"
      }
    },
    "sax": {
      "version": "1.2.4",
      "resolved": "https://registry.npmjs.org/sax/-/sax-1.2.4.tgz",
      "integrity": "sha512-NqVDv9TpANUjFm0N8uM5GxL36UgKi9/atZw+x7YFnQ8ckwFGKrl4xX4yWtrey3UJm5nP1kUbnYgLopqWNSRhWw=="
    },
    "shape2path": {
      "version": "2.0.3",
      "resolved": "https://registry.npmjs.org/shape2path/-/shape2path-2.0.3.tgz",
      "integrity": "sha512-AcC4mVHY85UqtfnZmR2WUo8DzpMV+v6ijxarky1XkQSrR0fB1t8zTv7DYepiwbGYx7AVLOV4+EuCkpz4HiWSpQ=="
    },
    "three": {
      "version": "0.99.0",
      "resolved": "https://registry.npmjs.org/three/-/three-0.99.0.tgz",
      "integrity": "sha512-DmNNq6H6nRGaqxScJ8x7v5VjdtDZR72oTVwDdKbB2BYNFxCkAoo9vdFAznEsMu9YzTV2yFvbVs7qHRzvJZzTIg=="
    },
    "typescript": {
      "version": "3.2.2",
      "resolved": "https://registry.npmjs.org/typescript/-/typescript-3.2.2.tgz",
      "integrity": "sha512-VCj5UiSyHBjwfYacmDuc/NOk4QQixbE+Wn7MFJuS0nRuPQbof132Pw4u53dm264O8LPc2MVsc7RJNml5szurkg==",
      "dev": true
    }
  }
}
